
Microsoft Visual Studio Solution File, Format Version 12.00
# Visual Studio Version 16
VisualStudioVersion = 16.0.29418.71
MinimumVisualStudioVersion = 10.0.40219.1
Project("{FAE04EC0-301F-11D3-BF4B-00C04F79EFBC}") = "UI", "Quiz1\UI.csproj", "{6F320714-716D-4B71-8BB5-70ACF106D08E}"
EndProject
Project("{FAE04EC0-301F-11D3-BF4B-00C04F79EFBC}") = "BL", "BL\BL.csproj", "{5FD3F20B-28DF-462A-9242-D68702B3541B}"
EndProject
Project("{FAE04EC0-301F-11D3-BF4B-00C04F79EFBC}") = "DAL", "DAL\DAL.csproj", "{02B337E1-36CA-4543-8B9D-171E4682354F}"
EndProject
Global
	GlobalSection(SolutionConfigurationPlatforms) = preSolution
		Debug|Any CPU = Debug|Any CPU
		Release|Any CPU = Release|Any CPU
	EndGlobalSection
	GlobalSection(ProjectConfigurationPlatforms) = postSolution
		{6F320714-716D-4B71-8BB5-70ACF106D08E}.Debug|Any CPU.ActiveCfg = Debug|Any CPU
		{6F320714-716D-4B71-8BB5-70ACF106D08E}.Debug|Any CPU.Build.0 = Debug|Any CPU
		{6F320714-716D-4B71-8BB5-70ACF106D08E}.Release|Any CPU.ActiveCfg = Release|Any CPU
		{6F320714-716D-4B71-8BB5-70ACF106D08E}.Release|Any CPU.Build.0 = Release|Any CPU
		{5FD3F20B-28DF-462A-9242-D68702B3541B}.Debug|Any CPU.ActiveCfg = Debug|Any CPU
		{5FD3F20B-28DF-462A-9242-D68702B3541B}.Debug|Any CPU.Build.0 = Debug|Any CPU
		{5FD3F20B-28DF-462A-9242-D68702B3541B}.Release|Any CPU.ActiveCfg = Release|Any CPU
		{5FD3F20B-28DF-462A-9242-D68702B3541B}.Release|Any CPU.Build.0 = Release|Any CPU
		{02B337E1-36CA-4543-8B9D-171E4682354F}.Debug|Any CPU.ActiveCfg = Debug|Any CPU
		{02B337E1-36CA-4543-8B9D-171E4682354F}.Debug|Any CPU.Build.0 = Debug|Any CPU
		{02B337E1-36CA-4543-8B9D-171E4682354F}.Release|Any CPU.ActiveCfg = Release|Any CPU
		{02B337E1-36CA-4543-8B9D-171E4682354F}.Release|Any CPU.Build.0 = Release|Any CPU
	EndGlobalSection
	GlobalSection(SolutionProperties) = preSolution
		HideSolutionNode = FALSE
	EndGlobalSection
	GlobalSection(ExtensibilityGlobals) = postSolution
		SolutionGuid = {B29864CC-3E8C-4883-B205-B9588E13104F}
	EndGlobalSection
EndGlobal
